github.com/cespare/xxhash/v2 v2.1.2 h1:YRXhKfTDauu4ajMg1TPgFO5jnlC2HCbmLXMcTG5cbYE=
github.com/cespare/xxhash/v2 v2.1.2/go.mod h1:VGX0DQ3Q6kWi7AoAeZDth3/j3BFtOZR5XLFGgcrjCOs=
github.com/cloudevents/sdk-go/v2 v2.15.2 h1:54+I5xQEnI73RBhWHxbI1XJcqOFOVJN85vb41+8mHUc=
github.com/cloudevents/sdk-go/v2 v2.15.2/go.mod h1:lL7kSWAE/V8VI4Wh0jbL2v/jvqsm6tjmaQBSvxcv4uE=
github.com/davecgh/go-spew v1.1.0/go.mod h1:J7Y8YcW2NihsgmVo/mv3lAwl/skON4iLHjSsI+c5H38=
github.com/davecgh/go-spew v1.1.1 h1:vj9j/u1bqnvCEfJOwUhtlOARqs3+rkHYY13jYWTU97c=
github.com/davecgh/go-spew v1.1.1/go.mod h1:J7Y8YcW2NihsgmVo/mv3lAwl/skON4iLHjSsI+c5H38=
github.com/dgryski/go-rendezvous v0.0.0-20200823014737-9f7001d12a5f h1:lO4WD4F/rVNCu3HqELle0jiPLLBs70cWOduZpkS1E78=
github.com/dgryski/go-rendezvous v0.0.0-20200823014737-9f7001d12a5f/go.mod h1:cuUVRXasLTGF7a8hSLbxyZXjz+1KgoB3wDUb6vlszIc=
github.com/elazarl/goproxy v0.0.0-20240618083138-03be62527ccb h1:2SoxRauy2IqekRMggrQk3yNI5X6omSnk6ugVbFywwXs=
github.com/elazarl/goproxy v0.0.0-20240618083138-03be62527ccb/go.mod h1:Ro8st/ElPeALwNFlcTpWmkr6IoMFfkjXAvTHpevnDsM=
github.com/elazarl/goproxy/ext v0.0.0-20190711103511-473e67f1d7d2/go.mod h1:gNh8nYJoAm43RfaxurUnxr+N1PwuFV3ZMl/efxlIlY8=
github.com/fsnotify/fsnotify v1.4.9 h1:hsms1Qyu0jgnwNXIxa+/V/PDsU6CfLf6CNO8H7IWoS4=
github.com/fsnotify/fsnotify v1.4.9/go.mod h1:znqG4EE+3YCdAaPaxE2ZRY/06pZUdp0tY4IgpuI1SZQ=
github.com/go-redis/redis/v8 v8.11.5 h1:AcZZR7igkdvfVmQTPnu9WE37LRrO/YrBH5zWyjDC0oI=
github.com/go-redis/redis/v8 v8.11.5/go.mod h1:gREzHqY1hg6oD9ngVRbLStwAWKhA0FEgq8Jd4h5lpwo=
github.com/google/go-cmp v0.6.0 h1:ofyhxvXcZhMsU5ulbFiLKl/XBFqE1GSq7atu8tAmTRI=
github.com/google/go-cmp v0.6.0/go.mod h1:17dUlkBOakJ0+DkrSSNjCkIjxS6bF9zb3elmeNGIjoY=
github.com/google/gofuzz v1.0.0/go.mod h1:dBl0BpW6vV/+mYPU4Po3pmUjxk6FQPldtuIdl/M65Eg=
github.com/google/uuid v1.1.1 h1:Gkbcsh/GbpXz7lPftLA3P6TYMwjCLYm83jiFQZF/3gY=
github.com/google/uuid v1.1.1/go.mod h1:TIyPZe4MgqvfeYDBFedMoGGpEw/LqOeaOT+nhxU+yHo=
github.com/gopherjs/gopherjs v1.17.2 h1:fQnZVsXk8uxXIStYb0N4bGk7jeyTalG/wsZjQ25dO0g=
github.com/gopherjs/gopherjs v1.17.2/go.mod h1:pRRIvn/QzFLrKfvEz3qUuEhtE/zLCWfreZ6J5gM2i+k=
github.com/json-iterator/go v1.1.10 h1:Kz6Cvnvv2wGdaG/V8yMvfkmNiXq9Ya2KUv4rouJJr68=
github.com/json-iterator/go v1.1.10/go.mod h1:KdQUCv79m/52Kvf8AW2vK1V8akMuk1QjK/uOdHXbAo4=
github.com/jtolds/gls v4.20.0+incompatible h1:xdiiI2gbIgH/gLH7ADydsJ1uDOEzR8yvV7C0MuV77Wo=
github.com/jtolds/gls v4.20.0+incompatible/go.mod h1:QJZ7F/aHp+rZTRtaJ1ow/lLfFfVYBRgL+9YlvaHOwJU=
github.com/modern-go/concurrent v0.0.0-20180228061459-e0a39a4cb421 h1:ZqeYNhU3OHLH3mGKHDcjJRFFRrJa6eAM5H+CtDdOsPc=
github.com/modern-go/concurrent v0.0.0-20180228061459-e0a39a4cb421/go.mod h1:6dJC0mAP4ikYIbvyc7fijjWJddQyLn8Ig3JB5CqoB9Q=
github.com/modern-go/reflect2 v0.0.0-20180701023420-4b7aa43c6742 h1:Esafd1046DLDQ0W1YjYsBW+p8U2u7vzgW2SQVmlNazg=
github.com/modern-go/reflect2 v0.0.0-20180701023420-4b7aa43c6742/go.mod h1:bx2lNnkwVCuqBIxFjflWJWanXIb3RllmbCylyMrvgv0=
github.com/moul/http2curl v1.0.0 h1:dRMWoAtb+ePxMlLkrCbAqh4TlPHXvoGUSQ323/9Zahs=
github.com/moul/http2curl v1.0.0/go.mod h1:8UbvGypXm98wA/IqH45anm5Y2Z6ep6O31QGOAZ3H0fQ=
github.com/nxadm/tail v1.4.8 h1:nPr65rt6Y5JFSKQO7qToXr7pePgD6Gwiw05lkbyAQTE=
github.com/nxadm/tail v1.4.8/go.mod h1:+ncqLTQzXmGhMZNUePPaPqPvBxHAIsmXswZKocGu+AU=
github.com/onsi/ginkgo v1.16.5 h1:8xi0RTUf59SOSfEtZMvwTvXYMzG4gV23XVHOZiXNtnE=
github.com/onsi/ginkgo v1.16.5/go.mod h1:+E8gABHa3K6zRBolWtd+ROzc/U5bkGt0FwiG042wbpU=
github.com/onsi/gomega v1.18.1 h1:M1GfJqGRrBrrGGsbxzV5dqM2U2ApXefZCQpkukxYRLE=
github.com/onsi/gomega v1.18.1/go.mod h1:0q+aL8jAiMXy9hbwj2mr5GziHiwhAIQpFmmtT5hitRs=
github.com/parnurzeal/gorequest v0.3.0 h1:SoFyqCDC9COr1xuS6VA8fC8RU7XyrJZN2ona1kEX7FI=
github.com/parnurzeal/gorequest v0.3.0/go.mod h1:3Kh2QUMJoqw3icWAecsyzkpY7UzRfDhbRdTjtNwNiUE=
github.com/pkg/errors v0.9.1 h1:FEBLx1zS214owpjy7qsBeixbURkuhQAwrK5UwLGTwt4=
github.com/pkg/errors v0.9.1/go.mod h1:bwawxfHBFNV+L2hUp1rHADufV3IMtnDRdf1r5NINEl0=
github.com/pmezard/go-difflib v1.0.0 h1:4DBwDE0NGyQoBHbLQYPwSUPoCMWR5BEzIk/f1lZbAQM=
github.com/pmezard/go-difflib v1.0.0/go.mod h1:iKH77koFhYxTK1pcRnkKkqfTogsbg7gZNVY4sRDYZ/4=
github.com/rogpeppe/go-charset v0.0.0-20180617210344-2471d30d28b4/go.mod h1:qgYeAmZ5ZIpBWTGllZSQnw97Dj+woV0toclVaRGI8pc=
github.com/smarty/assertions v1.15.0 h1:cR//PqUBUiQRakZWqBiFFQ9wb8emQGDb0HeGdqGByCY=
github.com/smarty/assertions v1.15.0/go.mod h1:yABtdzeQs6l1brC900WlRNwj6ZR55d7B+E8C6HtKdec=
github.com/smartystreets/goconvey v1.8.1 h1:qGjIddxOk4grTu9JPOU31tVfq3cNdBlNa5sSznIX1xY=
github.com/smartystreets/goconvey v1.8.1/go.mod h1:+/u4qLyY6x1jReYOp7GOM2FSt8aP9CzCZL03bI28W60=
github.com/streadway/amqp v1.1.0 h1:py12iX8XSyI7aN/3dUT8DFIDJazNJsVJdxNVEpnQTZM=
github.com/streadway/amqp v1.1.0/go.mod h1:WYSrTEYHOXHd0nwFeUXAe2G2hRnQT+deZJJf88uS9Bg=
github.com/stretchr/objx v0.1.0/go.mod h1:HFkY916IF+rwdDfMAkV7OtwuqBVzrE8GR6GFx+wExME=
github.com/stretchr/testify v1.3.0/go.mod h1:M5WIy9Dh21IEIfnGCwXGc5bZfKNJtfHm1UVUgZn+9EI=
github.com/stretchr/testify v1.8.0 h1:pSgiaMZlXftHpm5L7V1+rVB+AZJydKsMxsQBIJw4PKk=
github.com/stretchr/testify v1.8.0/go.mod h1:yNjHg4UonilssWZ8iaSj1OCr/vHnekPRkoO+kdMU+MU=
github.com/valyala/bytebufferpool v1.0.0 h1:GqA5TC/0021Y/b9FG4Oi9Mr3q7XYx6KllzawFIhcdPw=
github.com/valyala/bytebufferpool v1.0.0/go.mod h1:6bBcMArwyJ5K/AmCkWv1jt77kVWyCJ6HpOuEn7z0Csc=
go.uber.org/atomic v1.4.0 h1:cxzIVoETapQEqDhQu3QfnvXAV4AlzcvUCxkVUFw3+EU=
go.uber.org/atomic v1.4.0/go.mod h1:gD2HeocX3+yG+ygLZcrzQJaqmWj9AIm7n08wl/qW/PE=
go.uber.org/multierr v1.1.0 h1:HoEmRHQPVSqub6w2z2d2EOVs2fjyFRGyofhKuyDq0QI=
go.uber.org/multierr v1.1.0/go.mod h1:wR5kodmAFQ0UK8QlbwjlSNy0Z68gJhDJUG5sjR94q/0=
go.uber.org/zap v1.10.0 h1:ORx85nbTijNz8ljznvCMR1ZBIPKFn3jQrag10X2AsuM=
go.uber.org/zap v1.10.0/go.mod h1:vwi/ZaCAaUcBkycHslxD9B2zi4UTXhF60s6SWpuDF0Q=
golang.org/x/exp v0.0.0-20240716175740-e3f259677ff7 h1:wDLEX9a7YQoKdKNQt88rtydkqDxeGaBUTnIYc3iG/mA=
golang.org/x/exp v0.0.0-20240716175740-e3f259677ff7/go.mod h1:M4RDyNAINzryxdtnbRXRL/OHtkFuWGRjvuhBJpk2IlY=
golang.org/x/net v0.0.0-20210428140749-89ef3d95e781 h1:DzZ89McO9/gWPsQXS/FVKAlG02ZjaQ6AlZRBimEYOd0=
golang.org/x/net v0.0.0-20210428140749-89ef3d95e781/go.mod h1:OJAsFXCWl8Ukc7SiCT/9KSuxbyM7479/AVlXFRxuMCk=
golang.org/x/sys v0.0.0-20201119102817-f84b799fce68/go.mod h1:h1NjWce9XRLGQEsW7wpKNCjG9DtNlClVuFLEZdDNbEs=
golang.org/x/sys v0.0.0-20210423082822-04245dca01da/go.mod h1:h1NjWce9XRLGQEsW7wpKNCjG9DtNlClVuFLEZdDNbEs=
golang.org/x/sys v0.6.0 h1:MVltZSvRTcU2ljQOhs94SXPftV6DCNnZViHeQps87pQ=
golang.org/x/sys v0.6.0/go.mod h1:oPkhp1MJrh7nUepCBck5+mAzfO9JrbApNNgaTdGDITg=
golang.org/x/term v0.0.0-20201126162022-7de9c90e9dd1/go.mod h1:bj7SfCRtBDWHUb9snDiAeCFNEtKQo2Wmx5Cou7ajbmo=
golang.org/x/text v0.3.6 h1:aRYxNxv6iGQlyVaZmk6ZgYEDa+Jg18DxebPSrd6bg1M=
golang.org/x/text v0.3.6/go.mod h1:5Zoc/QRtKVWzQhOtBMvqHzDpF6irO9z98xDceosuGiQ=
golang.org/x/time v0.0.0-20210723032227-1f47c861a9ac h1:7zkz7BUtwNFFqcowJ+RIgu2MaV/MapERkDIy+mwPyjs=
golang.org/x/time v0.0.0-20210723032227-1f47c861a9ac/go.mod h1:tRJNPiyCQ0inRvYxbN9jk5I+vvW/OXSQhTDSoE431IQ=
golang.org/x/tools v0.0.0-20180917221912-90fa682c2a6e/go.mod h1:n7NCudcB/nEzxVGmLbDWY5pfWTLqBcC2KZ6jyYvM4mQ=
gopkg.in/tomb.v1 v1.0.0-20141024135613-dd632973f1e7 h1:uRGJdciOHaEIrze2W8Q3AKkepLTh2hOroT7a+7czfdQ=
gopkg.in/tomb.v1 v1.0.0-20141024135613-dd632973f1e7/go.mod h1:dt/ZhP58zS4L8KSrWDmTeBkI65Dw0HsyUHuEVlX15mw=
gopkg.in/yaml.v2 v2.4.0 h1:D8xgwECY7CYvx+Y2n4sBz93Jn9JRvxdiyyo8CTfuKaY=
gopkg.in/yaml.v2 v2.4.0/go.mod h1:RDklbk79AGWmwhnvt/jBztapEOGDOx6ZbXqjP6csGnQ=
gopkg.in/yaml.v3 v3.0.1 h1:fxVm/GzAzEWqLHuvctI91KS9hhNmmWOoWu0XTYJS7CA=
gopkg.in/yaml.v3 v3.0.1/go.mod h1:K4uyk7z7BCEPqu6E+C64Yfv1cQ7kz7rIZviUmN+EgEM=
